{
  "name": "emailwithnode",
  "version": "1.0.0",
  "lockfileVersion": 2,
  "requires": true,
  "packages": {
    "": {
      "name": "emailwithnode",
      "version": "1.0.0",
      "license": "ISC",
      "dependencies": {
        "dotenv": "^16.0.2",
        "nodemailer": "^6.8.0"
      }
    },
    "node_modules/dotenv": {
      "version": "16.0.2",
      "resolved": "https://registry.npmjs.org/dotenv/-/dotenv-16.0.2.tgz",
      "integrity": "sha512-JvpYKUmzQhYoIFgK2MOnF3bciIZoItIIoryihy0rIA+H4Jy0FmgyKYAHCTN98P5ybGSJcIFbh6QKeJdtZd1qhA==",
      "engines": {
        "node": ">=12"
      }
    },
    "node_modules/nodemailer": {
      "version": "6.8.0",
      "resolved": "https://registry.npmjs.org/nodemailer/-/nodemailer-6.8.0.tgz",
      "integrity": "sha512-EjYvSmHzekz6VNkNd12aUqAco+bOkRe3Of5jVhltqKhEsjw/y0PYPJfp83+s9Wzh1dspYAkUW/YNQ350NATbSQ==",
      "engines": {
        "node": ">=6.0.0"
      }
    }
  },
  "dependencies": {
    "dotenv": {
      "version": "16.0.2",
      "resolved": "https://registry.npmjs.org/dotenv/-/dotenv-16.0.2.tgz",
      "integrity": "sha512-JvpYKUmzQhYoIFgK2MOnF3bciIZoItIIoryihy0rIA+H4Jy0FmgyKYAHCTN98P5ybGSJcIFbh6QKeJdtZd1qhA=="
    },
    "nodemailer": {
      "version": "6.8.0",
      "resolved": "https://registry.npmjs.org/nodemailer/-/nodemailer-6.8.0.tgz",
      "integrity": "sha512-EjYvSmHzekz6VNkNd12aUqAco+bOkRe3Of5jVhltqKhEsjw/y0PYPJfp83+s9Wzh1dspYAkUW/YNQ350NATbSQ=="
    }
  }
}
